
Microsoft Visual Studio Solution File, Format Version 12.00
# Visual Studio Version 17
VisualStudioVersion = 17.3.32804.467
MinimumVisualStudioVersion = 10.0.40219.1
Project("{FAE04EC0-301F-11D3-BF4B-00C04F79EFBC}") = "restapitest1", "restapitest1\restapitest1.csproj", "{B7E5B649-EEF3-4574-A363-580786B7AE6D}"
EndProject
Global
	GlobalSection(SolutionConfigurationPlatforms) = preSolution
		Debug|Any CPU = Debug|Any CPU
		Release|Any CPU = Release|Any CPU
	EndGlobalSection
	GlobalSection(ProjectConfigurationPlatforms) = postSolution
		{B7E5B649-EEF3-4574-A363-580786B7AE6D}.Debug|Any CPU.ActiveCfg = Debug|Any CPU
		{B7E5B649-EEF3-4574-A363-580786B7AE6D}.Debug|Any CPU.Build.0 = Debug|Any CPU
		{B7E5B649-EEF3-4574-A363-580786B7AE6D}.Release|Any CPU.ActiveCfg = Release|Any CPU
		{B7E5B649-EEF3-4574-A363-580786B7AE6D}.Release|Any CPU.Build.0 = Release|Any CPU
	EndGlobalSection
	GlobalSection(SolutionProperties) = preSolution
		HideSolutionNode = FALSE
	EndGlobalSection
	GlobalSection(ExtensibilityGlobals) = postSolution
		SolutionGuid = {D1A1BDDE-FF92-496C-8BC4-45B70D7D8A21}
	EndGlobalSection
EndGlobal
